// !$*UTF8*$!
{
	archiveVersion = 1;
	classes = {
	};
	objectVersion = 56;
	objects = {

/* Begin PBXBuildFile section */
		D2251DD92A1B0E9800D8B8AB /* AppDelegate.swift in Sources */ = {isa = PBXBuildFile; fileRef = D2251DD82A1B0E9800D8B8AB /* AppDelegate.swift */; };
		D2251DDB2A1B0E9800D8B8AB /* SceneDelegate.swift in Sources */ = {isa = PBXBuildFile; fileRef = D2251DDA2A1B0E9800D8B8AB /* SceneDelegate.swift */; };
		D2251DDD2A1B0E9800D8B8AB /* ViewController.swift in Sources */ = {isa = PBXBuildFile; fileRef = D2251DDC2A1B0E9800D8B8AB /* ViewController.swift */; };
		D2251DE02A1B0E9800D8B8AB /* Main.storyboard in Resources */ = {isa = PBXBuildFile; fileRef = D2251DDE2A1B0E9800D8B8AB /* Main.storyboard */; };
		D2251DE22A1B0E9A00D8B8AB /* Assets.xcassets in Resources */ = {isa = PBXBuildFile; fileRef = D2251DE12A1B0E9A00D8B8AB /* Assets.xcassets */; };
		D2251DE52A1B0E9A00D8B8AB /* LaunchScreen.storyboard in Resources */ = {isa = PBXBuildFile; fileRef = D2251DE32A1B0E9A00D8B8AB /* LaunchScreen.storyboard */; };
		D2251DEE2A1B10E500D8B8AB /* DailymotionPlayerSDK in Frameworks */ = {isa = PBXBuildFile; productRef = D2251DED2A1B10E500D8B8AB /* DailymotionPlayerSDK */; };
		D2251DF02A1B11E400D8B8AB /* VideoView.swift in Sources */ = {isa = PBXBuildFile; fileRef = D2251DEF2A1B11E400D8B8AB /* VideoView.swift */; };
		D2251E032A1B200000D8B8AB /* HomeViewController.swift in Sources */ = {isa = PBXBuildFile; fileRef = D2251E002A1B200000D8B8AB /* HomeViewController.swift */; };
		D2251E042A1B200000D8B8AB /* ViewportViewController.swift in Sources */ = {isa = PBXBuildFile; fileRef = D2251E012A1B200000D8B8AB /* ViewportViewController.swift */; };
		D2251E052A1B200000D8B8AB /* Video.swift in Sources */ = {isa = PBXBuildFile; fileRef = D2251E022A1B200000D8B8AB /* Video.swift */; };
/* End PBXBuildFile section */

/* Begin PBXFileReference section */
		D2251DD52A1B0E9800D8B8AB /* PlayerExample.app */ = {isa = PBXFileReference; explicitFileType = wrapper.application; includeInIndex = 0; path = PlayerExample.app; sourceTree = BUILT_PRODUCTS_DIR; };
		D2251DD82A1B0E9800D8B8AB /* AppDelegate.swift */ = {isa = PBXFileReference; lastKnownFileType = sourcecode.swift; path = AppDelegate.swift; sourceTree = "<group>"; };
		D2251DDA2A1B0E9800D8B8AB /* SceneDelegate.swift */ = {isa = PBXFileReference; lastKnownFileType = sourcecode.swift; path = SceneDelegate.swift; sourceTree = "<group>"; };
		D2251DDC2A1B0E9800D8B8AB /* ViewController.swift */ = {isa = PBXFileReference; lastKnownFileType = sourcecode.swift; path = ViewController.swift; sourceTree = "<group>"; };
		D2251DDF2A1B0E9800D8B8AB /* Base */ = {isa = PBXFileReference; lastKnownFileType = file.storyboard; name = Base; path = Base.lproj/Main.storyboard; sourceTree = "<group>"; };
		D2251DE12A1B0E9A00D8B8AB /* Assets.xcassets */ = {isa = PBXFileReference; lastKnownFileType = folder.assetcatalog; path = Assets.xcassets; sourceTree = "<group>"; };
		D2251DE42A1B0E9A00D8B8AB /* Base */ = {isa = PBXFileReference; lastKnownFileType = file.storyboard; name = Base; path = Base.lproj/LaunchScreen.storyboard; sourceTree = "<group>"; };
		D2251DE62A1B0E9A00D8B8AB /* Info.plist */ = {isa = PBXFileReference; lastKnownFileType = text.plist.xml; path = Info.plist; sourceTree = "<group>"; };
		D2251DEF2A1B11E400D8B8AB /* VideoView.swift */ = {isa = PBXFileReference; lastKnownFileType = sourcecode.swift; path = VideoView.swift; sourceTree = "<group>"; };
		D2251E002A1B200000D8B8AB /* HomeViewController.swift */ = {isa = PBXFileReference; lastKnownFileType = sourcecode.swift; path = HomeViewController.swift; sourceTree = "<group>"; };
		D2251E012A1B200000D8B8AB /* ViewportViewController.swift */ = {isa = PBXFileReference; lastKnownFileType = sourcecode.swift; path = ViewportViewController.swift; sourceTree = "<group>"; };
		D2251E022A1B200000D8B8AB /* Video.swift */ = {isa = PBXFileReference; lastKnownFileType = sourcecode.swift; path = Video.swift; sourceTree = "<group>"; };
/* End PBXFileReference section */

/* Begin PBXFrameworksBuildPhase section */
		D2251DD22A1B0E9800D8B8AB /* Frameworks */ = {
			isa = PBXFrameworksBuildPhase;
			buildActionMask = 2147483647;
			files = (
				D2251DEE2A1B10E500D8B8AB /* DailymotionPlayerSDK in Frameworks */,
			);
			runOnlyForDeploymentPostprocessing = 0;
		};
/* End PBXFrameworksBuildPhase section */

/* Begin PBXGroup section */
		D2251DCC2A1B0E9800D8B8AB = {
			isa = PBXGroup;
			children = (
				D2251DD72A1B0E9800D8B8AB /* PlayerExample */,
				D2251DD62A1B0E9800D8B8AB /* Products */,
			);
			sourceTree = "<group>";
		};
		D2251DD62A1B0E9800D8B8AB /* Products */ = {
			isa = PBXGroup;
			children = (
				D2251DD52A1B0E9800D8B8AB /* PlayerExample.app */,
			);
			name = Products;
			sourceTree = "<group>";
		};
		D2251DD72A1B0E9800D8B8AB /* PlayerExample */ = {
			isa = PBXGroup;
			children = (
				D2251DD82A1B0E9800D8B8AB /* AppDelegate.swift */,
				D2251DDA2A1B0E9800D8B8AB /* SceneDelegate.swift */,
				D2251DDC2A1B0E9800D8B8AB /* ViewController.swift */,
				D2251E002A1B200000D8B8AB /* HomeViewController.swift */,
				D2251E012A1B200000D8B8AB /* ViewportViewController.swift */,
				D2251E022A1B200000D8B8AB /* Video.swift */,
				D2251DDE2A1B0E9800D8B8AB /* Main.storyboard */,
				D2251DE12A1B0E9A00D8B8AB /* Assets.xcassets */,
				D2251DE32A1B0E9A00D8B8AB /* LaunchScreen.storyboard */,
				D2251DE62A1B0E9A00D8B8AB /* Info.plist */,
				D2251DEF2A1B11E400D8B8AB /* VideoView.swift */,
			);
			path = PlayerExample;
			sourceTree = "<group>";
		};
/* End PBXGroup section */

/* Begin PBXNativeTarget section */
		D2251DD42A1B0E9800D8B8AB /* PlayerExample */ = {
			isa = PBXNativeTarget;
			buildConfigurationList = D2251DE92A1B0E9A00D8B8AB /* Build configuration list for PBXNativeTarget "PlayerExample" */;
			buildPhases = (
				D2251DD12A1B0E9800D8B8AB /* Sources */,
				D2251DD22A1B0E9800D8B8AB /* Frameworks */,
				D2251DD32A1B0E9800D8B8AB /* Resources */,
			);
			buildRules = (
			);
			dependencies = (
			);
			name = PlayerExample;
			packageProductDependencies = (
				D2251DED2A1B10E500D8B8AB /* DailymotionPlayerSDK */,
			);
			productName = PlayerExample;
			productReference = D2251DD52A1B0E9800D8B8AB /* PlayerExample.app */;
			productType = "com.apple.product-type.application";
		};
/* End PBXNativeTarget section */

/* Begin PBXProject section */
		D2251DCD2A1B0E9800D8B8AB /* Project object */ = {
			isa = PBXProject;
			attributes = {
				BuildIndependentTargetsInParallel = 1;
				LastSwiftUpdateCheck = 1430;
				LastUpgradeCheck = 1430;
				TargetAttributes = {
					D2251DD42A1B0E9800D8B8AB = {
						CreatedOnToolsVersion = 14.3;
					};
				};
			};
			buildConfigurationList = D2251DD02A1B0E9800D8B8AB /* Build configuration list for PBXProject "PlayerExample" */;
			compatibilityVersion = "Xcode 14.0";
			developmentRegion = en;
			hasScannedForEncodings = 0;
			knownRegions = (
				en,
				Base,
			);
			mainGroup = D2251DCC2A1B0E9800D8B8AB;
			packageReferences = (
				D2251DEC2A1B10E500D8B8AB /* XCRemoteSwiftPackageReference "player-sdk-ios" */,
			);
			productRefGroup = D2251DD62A1B0E9800D8B8AB /* Products */;
			projectDirPath = "";
			projectRoot = "";
			targets = (
				D2251DD42A1B0E9800D8B8AB /* PlayerExample */,
			);
		};
/* End PBXProject section */

/* Begin PBXResourcesBuildPhase section */
		D2251DD32A1B0E9800D8B8AB /* Resources */ = {
			isa = PBXResourcesBuildPhase;
			buildActionMask = 2147483647;
			files = (
				D2251DE52A1B0E9A00D8B8AB /* LaunchScreen.storyboard in Resources */,
				D2251DE22A1B0E9A00D8B8AB /* Assets.xcassets in Resources */,
				D2251DE02A1B0E9800D8B8AB /* Main.storyboard in Resources */,
			);
			runOnlyForDeploymentPostprocessing = 0;
		};
/* End PBXResourcesBuildPhase section */

/* Begin PBXSourcesBuildPhase section */
		D2251DD12A1B0E9800D8B8AB /* Sources */ = {
			isa = PBXSourcesBuildPhase;
			buildActionMask = 2147483647;
			files = (
				D2251E032A1B200000D8B8AB /* HomeViewController.swift in Sources */,
				D2251E052A1B200000D8B8AB /* Video.swift in Sources */,
				D2251E042A1B200000D8B8AB /* ViewportViewController.swift in Sources */,
				D2251DF02A1B11E400D8B8AB /* VideoView.swift in Sources */,
				D2251DDD2A1B0E9800D8B8AB /* ViewController.swift in Sources */,
				D2251DD92A1B0E9800D8B8AB /* AppDelegate.swift in Sources */,
				D2251DDB2A1B0E9800D8B8AB /* SceneDelegate.swift in Sources */,
			);
			runOnlyForDeploymentPostprocessing = 0;
		};
/* End PBXSourcesBuildPhase section */

/* Begin PBXVariantGroup section */
		D2251DDE2A1B0E9800D8B8AB /* Main.storyboard */ = {
			isa = PBXVariantGroup;
			children = (
				D2251DDF2A1B0E9800D8B8AB /* Base */,
			);
			name = Main.storyboard;
			sourceTree = "<group>";
		};
		D2251DE32A1B0E9A00D8B8AB /* LaunchScreen.storyboard */ = {
			isa = PBXVariantGroup;
			children = (
				D2251DE42A1B0E9A00D8B8AB /* Base */,
			);
			name = LaunchScreen.storyboard;
			sourceTree = "<group>";
		};
/* End PBXVariantGroup section */

/* Begin XCBuildConfiguration section */
		D2251DE72A1B0E9A00D8B8AB /* Debug */ = {
			isa = XCBuildConfiguration;
			buildSettings = {
				ALWAYS_SEARCH_USER_PATHS = NO;
				CLANG_ANALYZER_NONNULL = YES;
				CLANG_ANALYZER_NUMBER_OBJECT_CONVERSION = YES_AGGRESSIVE;
				CLANG_CXX_LANGUAGE_STANDARD = "gnu++20";
				CLANG_ENABLE_MODULES = YES;
				CLANG_ENABLE_OBJC_ARC = YES;
				CLANG_ENABLE_OBJC_WEAK = YES;
				CLANG_WARN_BLOCK_CAPTURE_AUTORELEASING = YES;
				CLANG_WARN_BOOL_CONVERSION = YES;
				CLANG_WARN_COMMA = YES;
				CLANG_WARN_CONSTANT_CONVERSION = YES;
				CLANG_WARN_DEPRECATED_OBJC_IMPLEMENTATIONS = YES;
				CLANG_WARN_DIRECT_OBJC_ISA_USAGE = YES_ERROR;
				CLANG_WARN_DOCUMENTATION_COMMENTS = YES;
				CLANG_WARN_EMPTY_BODY = YES;
				CLANG_WARN_ENUM_CONVERSION = YES;
				CLANG_WARN_INFINITE_RECURSION = YES;
				CLANG_WARN_INT_CONVERSION = YES;
				CLANG_WARN_NON_LITERAL_NULL_CONVERSION = YES;
				CLANG_WARN_OBJC_IMPLICIT_RETAIN_SELF = YES;
				CLANG_WARN_OBJC_LITERAL_CONVERSION = YES;
				CLANG_WARN_OBJC_ROOT_CLASS = YES_ERROR;
				CLANG_WARN_QUOTED_INCLUDE_IN_FRAMEWORK_HEADER = YES;
				CLANG_WARN_RANGE_LOOP_ANALYSIS = YES;
				CLANG_WARN_STRICT_PROTOTYPES = YES;
				CLANG_WARN_SUSPICIOUS_MOVE = YES;
				CLANG_WARN_UNGUARDED_AVAILABILITY = YES_AGGRESSIVE;
				CLANG_WARN_UNREACHABLE_CODE = YES;
				CLANG_WARN__DUPLICATE_METHOD_MATCH = YES;
				COPY_PHASE_STRIP = NO;
				DEBUG_INFORMATION_FORMAT = dwarf;
				ENABLE_STRICT_OBJC_MSGSEND = YES;
				ENABLE_TESTABILITY = YES;
				GCC_C_LANGUAGE_STANDARD = gnu11;
				GCC_DYNAMIC_NO_PIC = NO;
				GCC_NO_COMMON_BLOCKS = YES;
				GCC_OPTIMIZATION_LEVEL = 0;
				GCC_PREPROCESSOR_DEFINITIONS = (
					"DEBUG=1",
					"$(inherited)",
				);
				GCC_WARN_64_TO_32_BIT_CONVERSION = YES;
				GCC_WARN_ABOUT_RETURN_TYPE = YES_ERROR;
				GCC_WARN_UNDECLARED_SELECTOR = YES;
				GCC_WARN_UNINITIALIZED_AUTOS = YES_AGGRESSIVE;
				GCC_WARN_UNUSED_FUNCTION = YES;
				GCC_WARN_UNUSED_VARIABLE = YES;
				IPHONEOS_DEPLOYMENT_TARGET = 16.4;
				MTL_ENABLE_DEBUG_INFO = INCLUDE_SOURCE;
				MTL_FAST_MATH = YES;
				ONLY_ACTIVE_ARCH = YES;
				SDKROOT = iphoneos;
				SWIFT_ACTIVE_COMPILATION_CONDITIONS = DEBUG;
				SWIFT_OPTIMIZATION_LEVEL = "-Onone";
			};
			name = Debug;
		};
		D2251DE82A1B0E9A00D8B8AB /* Release */ = {
			isa = XCBuildConfiguration;
			buildSettings = {
				ALWAYS_SEARCH_USER_PATHS = NO;
				CLANG_ANALYZER_NONNULL = YES;
				CLANG_ANALYZER_NUMBER_OBJECT_CONVERSION = YES_AGGRESSIVE;
				CLANG_CXX_LANGUAGE_STANDARD = "gnu++20";
				CLANG_ENABLE_MODULES = YES;
				CLANG_ENABLE_OBJC_ARC = YES;
				CLANG_ENABLE_OBJC_WEAK = YES;
				CLANG_WARN_BLOCK_CAPTURE_AUTORELEASING = YES;
				CLANG_WARN_BOOL_CONVERSION = YES;
				CLANG_WARN_COMMA = YES;
				CLANG_WARN_CONSTANT_CONVERSION = YES;
				CLANG_WARN_DEPRECATED_OBJC_IMPLEMENTATIONS = YES;
				CLANG_WARN_DIRECT_OBJC_ISA_USAGE = YES_ERROR;
				CLANG_WARN_DOCUMENTATION_COMMENTS = YES;
				CLANG_WARN_EMPTY_BODY = YES;
				CLANG_WARN_ENUM_CONVERSION = YES;
				CLANG_WARN_INFINITE_RECURSION = YES;
				CLANG_WARN_INT_CONVERSION = YES;
				CLANG_WARN_NON_LITERAL_NULL_CONVERSION = YES;
				CLANG_WARN_OBJC_IMPLICIT_RETAIN_SELF = YES;
				CLANG_WARN_OBJC_LITERAL_CONVERSION = YES;
				CLANG_WARN_OBJC_ROOT_CLASS = YES_ERROR;
				CLANG_WARN_QUOTED_INCLUDE_IN_FRAMEWORK_HEADER = YES;
				CLANG_WARN_RANGE_LOOP_ANALYSIS = YES;
				CLANG_WARN_STRICT_PROTOTYPES = YES;
				CLANG_WARN_SUSPICIOUS_MOVE = YES;
				CLANG_WARN_UNGUARDED_AVAILABILITY = YES_AGGRESSIVE;
				CLANG_WARN_UNREACHABLE_CODE = YES;
				CLANG_WARN__DUPLICATE_METHOD_MATCH = YES;
				COPY_PHASE_STRIP = NO;
				DEBUG_INFORMATION_FORMAT = "dwarf-with-dsym";
				ENABLE_NS_ASSERTIONS = NO;
				ENABLE_STRICT_OBJC_MSGSEND = YES;
				GCC_C_LANGUAGE_STANDARD = gnu11;
				GCC_NO_COMMON_BLOCKS = YES;
				GCC_WARN_64_TO_32_BIT_CONVERSION = YES;
				GCC_WARN_ABOUT_RETURN_TYPE = YES_ERROR;
				GCC_WARN_UNDECLARED_SELECTOR = YES;
				GCC_WARN_UNINITIALIZED_AUTOS = YES_AGGRESSIVE;
				GCC_WARN_UNUSED_FUNCTION = YES;
				GCC_WARN_UNUSED_VARIABLE = YES;
				IPHONEOS_DEPLOYMENT_TARGET = 16.4;
				MTL_ENABLE_DEBUG_INFO = NO;
				MTL_FAST_MATH = YES;
				SDKROOT = iphoneos;
				SWIFT_COMPILATION_MODE = wholemodule;
				SWIFT_OPTIMIZATION_LEVEL = "-O";
				VALIDATE_PRODUCT = YES;
			};
			name = Release;
		};
		D2251DEA2A1B0E9A00D8B8AB /* Debug */ = {
			isa = XCBuildConfiguration;
			buildSettings = {
				ASSETCATALOG_COMPILER_APPICON_NAME = AppIcon;
				ASSETCATALOG_COMPILER_GLOBAL_ACCENT_COLOR_NAME = AccentColor;
				CODE_SIGN_STYLE = Automatic;
				CURRENT_PROJECT_VERSION = 1;
				DEVELOPMENT_TEAM = LKTUA86YVU;
				GENERATE_INFOPLIST_FILE = YES;
				INFOPLIST_FILE = PlayerExample/Info.plist;
				INFOPLIST_KEY_UIApplicationSupportsIndirectInputEvents = YES;
				INFOPLIST_KEY_UILaunchStoryboardName = LaunchScreen;
				INFOPLIST_KEY_UIMainStoryboardFile = Main;
				INFOPLIST_KEY_UISupportedInterfaceOrientations_iPad = "UIInterfaceOrientationPortrait UIInterfaceOrientationPortraitUpsideDown UIInterfaceOrientationLandscapeLeft UIInterfaceOrientationLandscapeRight";
				INFOPLIST_KEY_UISupportedInterfaceOrientations_iPhone = "UIInterfaceOrientationPortrait UIInterfaceOrientationLandscapeLeft UIInterfaceOrientationLandscapeRight";
				IPHONEOS_DEPLOYMENT_TARGET = 15.6;
				LD_RUNPATH_SEARCH_PATHS = (
					"$(inherited)",
					"@executable_path/Frameworks",
				);
				MARKETING_VERSION = 1.0;
				PRODUCT_BUNDLE_IDENTIFIER = "com.dailymotion.Player-Example";
				PRODUCT_NAME = "$(TARGET_NAME)";
				SWIFT_EMIT_LOC_STRINGS = YES;
				SWIFT_VERSION = 5.0;
				TARGETED_DEVICE_FAMILY = "1,2";
			};
			name = Debug;
		};
		D2251DEB2A1B0E9A00D8B8AB /* Release */ = {
			isa = XCBuildConfiguration;
			buildSettings = {
				ASSETCATALOG_COMPILER_APPICON_NAME = AppIcon;
				ASSETCATALOG_COMPILER_GLOBAL_ACCENT_COLOR_NAME = AccentColor;
				CODE_SIGN_STYLE = Automatic;
				CURRENT_PROJECT_VERSION = 1;
				DEVELOPMENT_TEAM = LKTUA86YVU;
				GENERATE_INFOPLIST_FILE = YES;
				INFOPLIST_FILE = PlayerExample/Info.plist;
				INFOPLIST_KEY_UIApplicationSupportsIndirectInputEvents = YES;
				INFOPLIST_KEY_UILaunchStoryboardName = LaunchScreen;
				INFOPLIST_KEY_UIMainStoryboardFile = Main;
				INFOPLIST_KEY_UISupportedInterfaceOrientations_iPad = "UIInterfaceOrientationPortrait UIInterfaceOrientationPortraitUpsideDown UIInterfaceOrientationLandscapeLeft UIInterfaceOrientationLandscapeRight";
				INFOPLIST_KEY_UISupportedInterfaceOrientations_iPhone = "UIInterfaceOrientationPortrait UIInterfaceOrientationLandscapeLeft UIInterfaceOrientationLandscapeRight";
				IPHONEOS_DEPLOYMENT_TARGET = 15.6;
				LD_RUNPATH_SEARCH_PATHS = (
					"$(inherited)",
					"@executable_path/Frameworks",
				);
				MARKETING_VERSION = 1.0;
				PRODUCT_BUNDLE_IDENTIFIER = "com.dailymotion.Player-Example";
				PRODUCT_NAME = "$(TARGET_NAME)";
				SWIFT_EMIT_LOC_STRINGS = YES;
				SWIFT_VERSION = 5.0;
				TARGETED_DEVICE_FAMILY = "1,2";
			};
			name = Release;
		};
/* End XCBuildConfiguration section */

/* Begin XCConfigurationList section */
		D2251DD02A1B0E9800D8B8AB /* Build configuration list for PBXProject "PlayerExample" */ = {
			isa = XCConfigurationList;
			buildConfigurations = (
				D2251DE72A1B0E9A00D8B8AB /* Debug */,
				D2251DE82A1B0E9A00D8B8AB /* Release */,
			);
			defaultConfigurationIsVisible = 0;
			defaultConfigurationName = Release;
		};
		D2251DE92A1B0E9A00D8B8AB /* Build configuration list for PBXNativeTarget "PlayerExample" */ = {
			isa = XCConfigurationList;
			buildConfigurations = (
				D2251DEA2A1B0E9A00D8B8AB /* Debug */,
				D2251DEB2A1B0E9A00D8B8AB /* Release */,
			);
			defaultConfigurationIsVisible = 0;
			defaultConfigurationName = Release;
		};
/* End XCConfigurationList section */

/* Begin XCRemoteSwiftPackageReference section */
		D2251DEC2A1B10E500D8B8AB /* XCRemoteSwiftPackageReference "player-sdk-ios" */ = {
			isa = XCRemoteSwiftPackageReference;
			repositoryURL = "https://github.com/dailymotion/player-sdk-ios";
			requirement = {
				kind = upToNextMajorVersion;
				minimumVersion = 1.0.0;
			};
		};
/* End XCRemoteSwiftPackageReference section */

/* Begin XCSwiftPackageProductDependency section */
		D2251DED2A1B10E500D8B8AB /* DailymotionPlayerSDK */ = {
			isa = XCSwiftPackageProductDependency;
			package = D2251DEC2A1B10E500D8B8AB /* XCRemoteSwiftPackageReference "player-sdk-ios" */;
			productName = DailymotionPlayerSDK;
		};
/* End XCSwiftPackageProductDependency section */
	};
	rootObject = D2251DCD2A1B0E9800D8B8AB /* Project object */;
}
